{
  "name": "stenciljs",
  "version": "0.0.1",
  "lockfileVersion": 3,
  "requires": true,
  "packages": {
    "": {
      "name": "stenciljs",
      "version": "0.0.1",
      "dependencies": {
        "@stencil/angular-output-target": "^0.8.4",
        "@stencil/react-output-target": "^0.5.3",
        "@stencil/vue-output-target": "^0.8.8"
      }
    },
    "node_modules/@stencil/angular-output-target": {
      "version": "0.8.4",
      "resolved": "https://registry.npmjs.org/@stencil/angular-output-target/-/angular-output-target-0.8.4.tgz",
      "integrity": "sha512-QvmHTueXXs5vB9W2L12uEzFmAuR8sqATJV2b+SCFmYsjJSaymiSqR3dKo2wnr0tZiTgU1t16BWaUKiSh3wPXpw==",
      "peerDependencies": {
        "@stencil/core": ">=2.0.0 || >=3 || >= 4.0.0-beta.0 || >= 4.0.0"
      }
    },
    "node_modules/@stencil/core": {
      "version": "4.18.0",
      "resolved": "https://registry.npmjs.org/@stencil/core/-/core-4.18.0.tgz",
      "integrity": "sha512-cN+nvjy0L8KyYq7N1bmswN/AcBustFlsAxfyPQ+fd3m98lPo53jNKIxKve1ZQ4ZmzSzYO7alDhZvjIesM0rl7w==",
      "peer": true,
      "bin": {
        "stencil": "bin/stencil"
      },
      "engines": {
        "node": ">=16.0.0",
        "npm": ">=7.10.0"
      }
    },
    "node_modules/@stencil/react-output-target": {
      "version": "0.5.3",
      "resolved": "https://registry.npmjs.org/@stencil/react-output-target/-/react-output-target-0.5.3.tgz",
      "integrity": "sha512-68jwRp35CjAcwhTJ9yFD/3n+jrHOqvEH2jreVuPVvZK+4tkhPlYlwz0d1E1RlF3jyifUSfdkWUGgXIEy8Fo3yw==",
      "peerDependencies": {
        "@stencil/core": ">=2.0.0 || >=3 || >= 4.0.0-beta.0 || >= 4.0.0"
      }
    },
    "node_modules/@stencil/vue-output-target": {
      "version": "0.8.8",
      "resolved": "https://registry.npmjs.org/@stencil/vue-output-target/-/vue-output-target-0.8.8.tgz",
      "integrity": "sha512-xrpz92lmTuLgwY9CLgl2Q14+zBXfBuXiRS6uXFPfeaFo0pe+do8cZitOOQ8i8tcoCa/tAqgD9B9CD+yQehSIGg==",
      "peerDependencies": {
        "@stencil/core": ">=2.0.0 || >=3 || >= 4.0.0-beta.0 || >= 4.0.0"
      }
    }
  }
}
